// !$*UTF8*$!
{
	archiveVersion = 1;
	classes = {
	};
	objectVersion = 55;
	objects = {

/* Begin PBXBuildFile section */
		1405CB0B27BC9B3100D6AFFB /* HexagonParameters.swift in Sources */ = {isa = PBXBuildFile; fileRef = 1405CB0A27BC9B3100D6AFFB /* HexagonParameters.swift */; };
		1405CB0D27BC9D4F00D6AFFB /* BadgeBackground.swift in Sources */ = {isa = PBXBuildFile; fileRef = 1405CB0C27BC9D4F00D6AFFB /* BadgeBackground.swift */; };
		1405CB0F27BCB63B00D6AFFB /* BadgeSymbol.swift in Sources */ = {isa = PBXBuildFile; fileRef = 1405CB0E27BCB63B00D6AFFB /* BadgeSymbol.swift */; };
		1405CB1127BCB7F500D6AFFB /* RotatedBadgeSymbol.swift in Sources */ = {isa = PBXBuildFile; fileRef = 1405CB1027BCB7F500D6AFFB /* RotatedBadgeSymbol.swift */; };
		1405CB1327BCB8DF00D6AFFB /* Badge.swift in Sources */ = {isa = PBXBuildFile; fileRef = 1405CB1227BCB8DF00D6AFFB /* Badge.swift */; };
		1405CB1727BCBD5800D6AFFB /* hikeData.json in Resources */ = {isa = PBXBuildFile; fileRef = 1405CB1627BCBD5800D6AFFB /* hikeData.json */; };
		1405CB1927BCBDBE00D6AFFB /* Hike.swift in Sources */ = {isa = PBXBuildFile; fileRef = 1405CB1827BCBDBE00D6AFFB /* Hike.swift */; };
		1405CB2127BCC00900D6AFFB /* GraphCapsule.swift in Sources */ = {isa = PBXBuildFile; fileRef = 1405CB1D27BCC00900D6AFFB /* GraphCapsule.swift */; };
		1405CB2227BCC00900D6AFFB /* HikeGraph.swift in Sources */ = {isa = PBXBuildFile; fileRef = 1405CB1E27BCC00900D6AFFB /* HikeGraph.swift */; };
		1405CB2327BCC00900D6AFFB /* HikeDetail.swift in Sources */ = {isa = PBXBuildFile; fileRef = 1405CB1F27BCC00900D6AFFB /* HikeDetail.swift */; };
		1405CB2427BCC00900D6AFFB /* HikeView.swift in Sources */ = {isa = PBXBuildFile; fileRef = 1405CB2027BCC00900D6AFFB /* HikeView.swift */; };
		1405CB2727BCCA1100D6AFFB /* CategoryHome.swift in Sources */ = {isa = PBXBuildFile; fileRef = 1405CB2627BCCA1100D6AFFB /* CategoryHome.swift */; };
		1405CB2927BCCE1500D6AFFB /* CategoryRow.swift in Sources */ = {isa = PBXBuildFile; fileRef = 1405CB2827BCCE1500D6AFFB /* CategoryRow.swift */; };
		1405CB2B27BCCFBE00D6AFFB /* CategoryItem.swift in Sources */ = {isa = PBXBuildFile; fileRef = 1405CB2A27BCCFBE00D6AFFB /* CategoryItem.swift */; };
		143D592927BA30060049B654 /* Study_IOS_AppApp.swift in Sources */ = {isa = PBXBuildFile; fileRef = 143D592827BA30060049B654 /* Study_IOS_AppApp.swift */; };
		143D592B27BA30060049B654 /* ContentView.swift in Sources */ = {isa = PBXBuildFile; fileRef = 143D592A27BA30060049B654 /* ContentView.swift */; };
		143D592D27BA30080049B654 /* Assets.xcassets in Resources */ = {isa = PBXBuildFile; fileRef = 143D592C27BA30080049B654 /* Assets.xcassets */; };
		143D593027BA30080049B654 /* Preview Assets.xcassets in Resources */ = {isa = PBXBuildFile; fileRef = 143D592F27BA30080049B654 /* Preview Assets.xcassets */; };
		143D593A27BA30080049B654 /* Study_IOS_AppTests.swift in Sources */ = {isa = PBXBuildFile; fileRef = 143D593927BA30080049B654 /* Study_IOS_AppTests.swift */; };
		143D594427BA30080049B654 /* Study_IOS_AppUITests.swift in Sources */ = {isa = PBXBuildFile; fileRef = 143D594327BA30080049B654 /* Study_IOS_AppUITests.swift */; };
		143D594627BA30080049B654 /* Study_IOS_AppUITestsLaunchTests.swift in Sources */ = {isa = PBXBuildFile; fileRef = 143D594527BA30080049B654 /* Study_IOS_AppUITestsLaunchTests.swift */; };
		143D595D27BA37610049B654 /* CircleImage.swift in Sources */ = {isa = PBXBuildFile; fileRef = 143D595C27BA37610049B654 /* CircleImage.swift */; };
		143D596327BA39E30049B654 /* MapView.swift in Sources */ = {isa = PBXBuildFile; fileRef = 143D596227BA39E30049B654 /* MapView.swift */; };
		143D596527BA41570049B654 /* landmarkData.json in Resources */ = {isa = PBXBuildFile; fileRef = 143D596427BA41570049B654 /* landmarkData.json */; };
		143D596727BA418A0049B654 /* Landmark.swift in Sources */ = {isa = PBXBuildFile; fileRef = 143D596627BA418A0049B654 /* Landmark.swift */; };
		143D596927BA44B10049B654 /* ModelData.swift in Sources */ = {isa = PBXBuildFile; fileRef = 143D596827BA44B10049B654 /* ModelData.swift */; };
		144D364C27BB49DA000F322B /* LandmarkRow.swift in Sources */ = {isa = PBXBuildFile; fileRef = 144D364B27BB49DA000F322B /* LandmarkRow.swift */; };
		144D365027BB5043000F322B /* LandmarkDetail.swift in Sources */ = {isa = PBXBuildFile; fileRef = 144D364F27BB5043000F322B /* LandmarkDetail.swift */; };
		144D365427BB73EA000F322B /* LandmarkList.swift in Sources */ = {isa = PBXBuildFile; fileRef = 144D365327BB73EA000F322B /* LandmarkList.swift */; };
		1496015227BB83310025BF44 /* FavoriteButton.swift in Sources */ = {isa = PBXBuildFile; fileRef = 1496015127BB83310025BF44 /* FavoriteButton.swift */; };
		EB08724127BDDECE005BA911 /* Profile.swift in Sources */ = {isa = PBXBuildFile; fileRef = EB08724027BDDECE005BA911 /* Profile.swift */; };
		EB08724327BDDFFD005BA911 /* ProfileHost.swift in Sources */ = {isa = PBXBuildFile; fileRef = EB08724227BDDFFD005BA911 /* ProfileHost.swift */; };
		EB08724627BDE159005BA911 /* ProfileSummary.swift in Sources */ = {isa = PBXBuildFile; fileRef = EB08724527BDE159005BA911 /* ProfileSummary.swift */; };
		EB08724827BDE30B005BA911 /* HikeBadge.swift in Sources */ = {isa = PBXBuildFile; fileRef = EB08724727BDE30B005BA911 /* HikeBadge.swift */; };
		EB08724A27BDEDB6005BA911 /* ProfileEditor.swift in Sources */ = {isa = PBXBuildFile; fileRef = EB08724927BDEDB6005BA911 /* ProfileEditor.swift */; };
		EB08724F27BE10AF005BA911 /* PageViewController.swift in Sources */ = {isa = PBXBuildFile; fileRef = EB08724E27BE10AF005BA911 /* PageViewController.swift */; };
		EB08725727BE122A005BA911 /* FeatureCard.swift in Sources */ = {isa = PBXBuildFile; fileRef = EB08725627BE122A005BA911 /* FeatureCard.swift */; };
		EB08725927BE1460005BA911 /* PageView.swift in Sources */ = {isa = PBXBuildFile; fileRef = EB08725827BE1460005BA911 /* PageView.swift */; };
		EB08725B27BE1F59005BA911 /* PageControl.swift in Sources */ = {isa = PBXBuildFile; fileRef = EB08725A27BE1F59005BA911 /* PageControl.swift */; };
/* End PBXBuildFile section */

/* Begin PBXContainerItemProxy section */
		143D593627BA30080049B654 /* PBXContainerItemProxy */ = {
			isa = PBXContainerItemProxy;
			containerPortal = 143D591D27BA30060049B654 /* Project object */;
			proxyType = 1;
			remoteGlobalIDString = 143D592427BA30060049B654;
			remoteInfo = Study_IOS_App;
		};
		143D594027BA30080049B654 /* PBXContainerItemProxy */ = {
			isa = PBXContainerItemProxy;
			containerPortal = 143D591D27BA30060049B654 /* Project object */;
			proxyType = 1;
			remoteGlobalIDString = 143D592427BA30060049B654;
			remoteInfo = Study_IOS_App;
		};
/* End PBXContainerItemProxy section */

/* Begin PBXFileReference section */
		1405CB0A27BC9B3100D6AFFB /* HexagonParameters.swift */ = {isa = PBXFileReference; lastKnownFileType = sourcecode.swift; name = HexagonParameters.swift; path = Study_IOS_App/Views/Badges/HexagonParameters.swift; sourceTree = SOURCE_ROOT; };
		1405CB0C27BC9D4F00D6AFFB /* BadgeBackground.swift */ = {isa = PBXFileReference; lastKnownFileType = sourcecode.swift; name = BadgeBackground.swift; path = Study_IOS_App/Views/Badges/BadgeBackground.swift; sourceTree = SOURCE_ROOT; };
		1405CB0E27BCB63B00D6AFFB /* BadgeSymbol.swift */ = {isa = PBXFileReference; lastKnownFileType = sourcecode.swift; path = BadgeSymbol.swift; sourceTree = "<group>"; };
		1405CB1027BCB7F500D6AFFB /* RotatedBadgeSymbol.swift */ = {isa = PBXFileReference; lastKnownFileType = sourcecode.swift; path = RotatedBadgeSymbol.swift; sourceTree = "<group>"; };
		1405CB1227BCB8DF00D6AFFB /* Badge.swift */ = {isa = PBXFileReference; lastKnownFileType = sourcecode.swift; path = Badge.swift; sourceTree = "<group>"; };
		1405CB1627BCBD5800D6AFFB /* hikeData.json */ = {isa = PBXFileReference; fileEncoding = 4; lastKnownFileType = text.json; path = hikeData.json; sourceTree = "<group>"; };
		1405CB1827BCBDBE00D6AFFB /* Hike.swift */ = {isa = PBXFileReference; lastKnownFileType = sourcecode.swift; name = Hike.swift; path = Study_IOS_App/Model/Hike.swift; sourceTree = SOURCE_ROOT; };
		1405CB1D27BCC00900D6AFFB /* GraphCapsule.swift */ = {isa = PBXFileReference; fileEncoding = 4; lastKnownFileType = sourcecode.swift; path = GraphCapsule.swift; sourceTree = "<group>"; };
		1405CB1E27BCC00900D6AFFB /* HikeGraph.swift */ = {isa = PBXFileReference; fileEncoding = 4; lastKnownFileType = sourcecode.swift; path = HikeGraph.swift; sourceTree = "<group>"; };
		1405CB1F27BCC00900D6AFFB /* HikeDetail.swift */ = {isa = PBXFileReference; fileEncoding = 4; lastKnownFileType = sourcecode.swift; path = HikeDetail.swift; sourceTree = "<group>"; };
		1405CB2027BCC00900D6AFFB /* HikeView.swift */ = {isa = PBXFileReference; fileEncoding = 4; lastKnownFileType = sourcecode.swift; path = HikeView.swift; sourceTree = "<group>"; };
		1405CB2627BCCA1100D6AFFB /* CategoryHome.swift */ = {isa = PBXFileReference; lastKnownFileType = sourcecode.swift; path = CategoryHome.swift; sourceTree = "<group>"; };
		1405CB2827BCCE1500D6AFFB /* CategoryRow.swift */ = {isa = PBXFileReference; lastKnownFileType = sourcecode.swift; path = CategoryRow.swift; sourceTree = "<group>"; };
		1405CB2A27BCCFBE00D6AFFB /* CategoryItem.swift */ = {isa = PBXFileReference; lastKnownFileType = sourcecode.swift; path = CategoryItem.swift; sourceTree = "<group>"; };
		143D592527BA30060049B654 /* Study_IOS_App.app */ = {isa = PBXFileReference; explicitFileType = wrapper.application; includeInIndex = 0; path = Study_IOS_App.app; sourceTree = BUILT_PRODUCTS_DIR; };
		143D592827BA30060049B654 /* Study_IOS_AppApp.swift */ = {isa = PBXFileReference; lastKnownFileType = sourcecode.swift; path = Study_IOS_AppApp.swift; sourceTree = "<group>"; };
		143D592A27BA30060049B654 /* ContentView.swift */ = {isa = PBXFileReference; lastKnownFileType = sourcecode.swift; path = ContentView.swift; sourceTree = "<group>"; };
		143D592C27BA30080049B654 /* Assets.xcassets */ = {isa = PBXFileReference; lastKnownFileType = folder.assetcatalog; path = Assets.xcassets; sourceTree = "<group>"; };
		143D592F27BA30080049B654 /* Preview Assets.xcassets */ = {isa = PBXFileReference; lastKnownFileType = folder.assetcatalog; path = "Preview Assets.xcassets"; sourceTree = "<group>"; };
		143D593527BA30080049B654 /* Study_IOS_AppTests.xctest */ = {isa = PBXFileReference; explicitFileType = wrapper.cfbundle; includeInIndex = 0; path = Study_IOS_AppTests.xctest; sourceTree = BUILT_PRODUCTS_DIR; };
		143D593927BA30080049B654 /* Study_IOS_AppTests.swift */ = {isa = PBXFileReference; lastKnownFileType = sourcecode.swift; path = Study_IOS_AppTests.swift; sourceTree = "<group>"; };
		143D593F27BA30080049B654 /* Study_IOS_AppUITests.xctest */ = {isa = PBXFileReference; explicitFileType = wrapper.cfbundle; includeInIndex = 0; path = Study_IOS_AppUITests.xctest; sourceTree = BUILT_PRODUCTS_DIR; };
		143D594327BA30080049B654 /* Study_IOS_AppUITests.swift */ = {isa = PBXFileReference; lastKnownFileType = sourcecode.swift; path = Study_IOS_AppUITests.swift; sourceTree = "<group>"; };
		143D594527BA30080049B654 /* Study_IOS_AppUITestsLaunchTests.swift */ = {isa = PBXFileReference; lastKnownFileType = sourcecode.swift; path = Study_IOS_AppUITestsLaunchTests.swift; sourceTree = "<group>"; };
		143D595C27BA37610049B654 /* CircleImage.swift */ = {isa = PBXFileReference; lastKnownFileType = sourcecode.swift; path = CircleImage.swift; sourceTree = "<group>"; };
		143D596227BA39E30049B654 /* MapView.swift */ = {isa = PBXFileReference; lastKnownFileType = sourcecode.swift; path = MapView.swift; sourceTree = "<group>"; };
		143D596427BA41570049B654 /* landmarkData.json */ = {isa = PBXFileReference; fileEncoding = 4; lastKnownFileType = text.json; path = landmarkData.json; sourceTree = "<group>"; };
		143D596627BA418A0049B654 /* Landmark.swift */ = {isa = PBXFileReference; lastKnownFileType = sourcecode.swift; path = Landmark.swift; sourceTree = "<group>"; };
		143D596827BA44B10049B654 /* ModelData.swift */ = {isa = PBXFileReference; lastKnownFileType = sourcecode.swift; path = ModelData.swift; sourceTree = "<group>"; };
		144D364B27BB49DA000F322B /* LandmarkRow.swift */ = {isa = PBXFileReference; lastKnownFileType = sourcecode.swift; name = LandmarkRow.swift; path = Study_IOS_App/Views/Landmarks/LandmarkRow.swift; sourceTree = SOURCE_ROOT; };
		144D364F27BB5043000F322B /* LandmarkDetail.swift */ = {isa = PBXFileReference; lastKnownFileType = sourcecode.swift; path = LandmarkDetail.swift; sourceTree = "<group>"; };
		144D365327BB73EA000F322B /* LandmarkList.swift */ = {isa = PBXFileReference; lastKnownFileType = sourcecode.swift; path = LandmarkList.swift; sourceTree = "<group>"; };
		1496015127BB83310025BF44 /* FavoriteButton.swift */ = {isa = PBXFileReference; lastKnownFileType = sourcecode.swift; path = FavoriteButton.swift; sourceTree = "<group>"; };
		EB08724027BDDECE005BA911 /* Profile.swift */ = {isa = PBXFileReference; lastKnownFileType = sourcecode.swift; path = Profile.swift; sourceTree = "<group>"; };
		EB08724227BDDFFD005BA911 /* ProfileHost.swift */ = {isa = PBXFileReference; lastKnownFileType = sourcecode.swift; path = ProfileHost.swift; sourceTree = "<group>"; };
		EB08724527BDE159005BA911 /* ProfileSummary.swift */ = {isa = PBXFileReference; lastKnownFileType = sourcecode.swift; path = ProfileSummary.swift; sourceTree = "<group>"; };
		EB08724727BDE30B005BA911 /* HikeBadge.swift */ = {isa = PBXFileReference; lastKnownFileType = sourcecode.swift; path = HikeBadge.swift; sourceTree = "<group>"; };
		EB08724927BDEDB6005BA911 /* ProfileEditor.swift */ = {isa = PBXFileReference; lastKnownFileType = sourcecode.swift; path = ProfileEditor.swift; sourceTree = "<group>"; };
		EB08724E27BE10AF005BA911 /* PageViewController.swift */ = {isa = PBXFileReference; lastKnownFileType = sourcecode.swift; path = PageViewController.swift; sourceTree = "<group>"; };
		EB08725627BE122A005BA911 /* FeatureCard.swift */ = {isa = PBXFileReference; lastKnownFileType = sourcecode.swift; path = FeatureCard.swift; sourceTree = "<group>"; };
		EB08725827BE1460005BA911 /* PageView.swift */ = {isa = PBXFileReference; lastKnownFileType = sourcecode.swift; path = PageView.swift; sourceTree = "<group>"; };
		EB08725A27BE1F59005BA911 /* PageControl.swift */ = {isa = PBXFileReference; lastKnownFileType = sourcecode.swift; path = PageControl.swift; sourceTree = "<group>"; };
/* End PBXFileReference section */

/* Begin PBXFrameworksBuildPhase section */
		143D592227BA30060049B654 /* Frameworks */ = {
			isa = PBXFrameworksBuildPhase;
			buildActionMask = 2147483647;
			files = (
			);
			runOnlyForDeploymentPostprocessing = 0;
		};
		143D593227BA30080049B654 /* Frameworks */ = {
			isa = PBXFrameworksBuildPhase;
			buildActionMask = 2147483647;
			files = (
			);
			runOnlyForDeploymentPostprocessing = 0;
		};
		143D593C27BA30080049B654 /* Frameworks */ = {
			isa = PBXFrameworksBuildPhase;
			buildActionMask = 2147483647;
			files = (
			);
			runOnlyForDeploymentPostprocessing = 0;
		};
/* End PBXFrameworksBuildPhase section */

/* Begin PBXGroup section */
		1405CB1527BCBB0200D6AFFB /* Badges */ = {
			isa = PBXGroup;
			children = (
				1405CB0E27BCB63B00D6AFFB /* BadgeSymbol.swift */,
				1405CB1027BCB7F500D6AFFB /* RotatedBadgeSymbol.swift */,
				1405CB1227BCB8DF00D6AFFB /* Badge.swift */,
				1405CB0A27BC9B3100D6AFFB /* HexagonParameters.swift */,
				1405CB0C27BC9D4F00D6AFFB /* BadgeBackground.swift */,
			);
			path = Badges;
			sourceTree = "<group>";
		};
		1405CB1C27BCC00900D6AFFB /* Hikes */ = {
			isa = PBXGroup;
			children = (
				1405CB1D27BCC00900D6AFFB /* GraphCapsule.swift */,
				1405CB1E27BCC00900D6AFFB /* HikeGraph.swift */,
				1405CB1F27BCC00900D6AFFB /* HikeDetail.swift */,
				1405CB2027BCC00900D6AFFB /* HikeView.swift */,
				EB08724727BDE30B005BA911 /* HikeBadge.swift */,
			);
			path = Hikes;
			sourceTree = "<group>";
		};
		1405CB2527BCC9FE00D6AFFB /* Category */ = {
			isa = PBXGroup;
			children = (
				1405CB2627BCCA1100D6AFFB /* CategoryHome.swift */,
				1405CB2827BCCE1500D6AFFB /* CategoryRow.swift */,
				1405CB2A27BCCFBE00D6AFFB /* CategoryItem.swift */,
			);
			path = Category;
			sourceTree = "<group>";
		};
		143D591C27BA30060049B654 = {
			isa = PBXGroup;
			children = (
				143D592727BA30060049B654 /* Study_IOS_App */,
				143D593827BA30080049B654 /* Study_IOS_AppTests */,
				143D594227BA30080049B654 /* Study_IOS_AppUITests */,
				143D592627BA30060049B654 /* Products */,
			);
			sourceTree = "<group>";
		};
		143D592627BA30060049B654 /* Products */ = {
			isa = PBXGroup;
			children = (
				143D592527BA30060049B654 /* Study_IOS_App.app */,
				143D593527BA30080049B654 /* Study_IOS_AppTests.xctest */,
				143D593F27BA30080049B654 /* Study_IOS_AppUITests.xctest */,
			);
			name = Products;
			sourceTree = "<group>";
		};
		143D592727BA30060049B654 /* Study_IOS_App */ = {
			isa = PBXGroup;
			children = (
				143D592827BA30060049B654 /* Study_IOS_AppApp.swift */,
				143D596A27BA47240049B654 /* Views */,
				143D596D27BA47820049B654 /* Resources */,
				1496015027BB79BC0025BF44 /* Model */,
				143D592C27BA30080049B654 /* Assets.xcassets */,
				143D592E27BA30080049B654 /* Preview Content */,
			);
			path = Study_IOS_App;
			sourceTree = "<group>";
		};
		143D592E27BA30080049B654 /* Preview Content */ = {
			isa = PBXGroup;
			children = (
				143D592F27BA30080049B654 /* Preview Assets.xcassets */,
			);
			path = "Preview Content";
			sourceTree = "<group>";
		};
		143D593827BA30080049B654 /* Study_IOS_AppTests */ = {
			isa = PBXGroup;
			children = (
				143D593927BA30080049B654 /* Study_IOS_AppTests.swift */,
			);
			path = Study_IOS_AppTests;
			sourceTree = "<group>";
		};
		143D594227BA30080049B654 /* Study_IOS_AppUITests */ = {
			isa = PBXGroup;
			children = (
				143D594327BA30080049B654 /* Study_IOS_AppUITests.swift */,
				143D594527BA30080049B654 /* Study_IOS_AppUITestsLaunchTests.swift */,
			);
			path = Study_IOS_AppUITests;
			sourceTree = "<group>";
		};
		143D596A27BA47240049B654 /* Views */ = {
			isa = PBXGroup;
			children = (
				EB08724B27BE0978005BA911 /* PageView */,
				EB08724427BDE06B005BA911 /* Profiles */,
				1405CB2527BCC9FE00D6AFFB /* Category */,
				1405CB1C27BCC00900D6AFFB /* Hikes */,
				1405CB1527BCBB0200D6AFFB /* Badges */,
				1496015427BB84980025BF44 /* Helpers */,
				1496015327BB84810025BF44 /* Landmarks */,
				143D592A27BA30060049B654 /* ContentView.swift */,
			);
			path = Views;
			sourceTree = "<group>";
		};
		143D596D27BA47820049B654 /* Resources */ = {
			isa = PBXGroup;
			children = (
				1405CB1627BCBD5800D6AFFB /* hikeData.json */,
				143D596427BA41570049B654 /* landmarkData.json */,
			);
			path = Resources;
			sourceTree = "<group>";
		};
		1496015027BB79BC0025BF44 /* Model */ = {
			isa = PBXGroup;
			children = (
				EB08724027BDDECE005BA911 /* Profile.swift */,
				1405CB1827BCBDBE00D6AFFB /* Hike.swift */,
				143D596627BA418A0049B654 /* Landmark.swift */,
				143D596827BA44B10049B654 /* ModelData.swift */,
			);
			path = Model;
			sourceTree = "<group>";
		};
		1496015327BB84810025BF44 /* Landmarks */ = {
			isa = PBXGroup;
			children = (
				144D364B27BB49DA000F322B /* LandmarkRow.swift */,
				144D364F27BB5043000F322B /* LandmarkDetail.swift */,
				144D365327BB73EA000F322B /* LandmarkList.swift */,
			);
			path = Landmarks;
			sourceTree = "<group>";
		};
		1496015427BB84980025BF44 /* Helpers */ = {
			isa = PBXGroup;
			children = (
				1496015127BB83310025BF44 /* FavoriteButton.swift */,
				143D595C27BA37610049B654 /* CircleImage.swift */,
				143D596227BA39E30049B654 /* MapView.swift */,
			);
			path = Helpers;
			sourceTree = "<group>";
		};
		EB08724427BDE06B005BA911 /* Profiles */ = {
			isa = PBXGroup;
			children = (
				EB08724227BDDFFD005BA911 /* ProfileHost.swift */,
				EB08724527BDE159005BA911 /* ProfileSummary.swift */,
				EB08724927BDEDB6005BA911 /* ProfileEditor.swift */,
			);
			path = Profiles;
			sourceTree = "<group>";
		};
		EB08724B27BE0978005BA911 /* PageView */ = {
			isa = PBXGroup;
			children = (
				EB08725627BE122A005BA911 /* FeatureCard.swift */,
				EB08724E27BE10AF005BA911 /* PageViewController.swift */,
				EB08725827BE1460005BA911 /* PageView.swift */,
				EB08725A27BE1F59005BA911 /* PageControl.swift */,
			);
			path = PageView;
			sourceTree = "<group>";
		};
/* End PBXGroup section */

/* Begin PBXNativeTarget section */
		143D592427BA30060049B654 /* Study_IOS_App */ = {
			isa = PBXNativeTarget;
			buildConfigurationList = 143D594927BA30080049B654 /* Build configuration list for PBXNativeTarget "Study_IOS_App" */;
			buildPhases = (
				143D592127BA30060049B654 /* Sources */,
				143D592227BA30060049B654 /* Frameworks */,
				143D592327BA30060049B654 /* Resources */,
			);
			buildRules = (
			);
			dependencies = (
			);
			name = Study_IOS_App;
			productName = Study_IOS_App;
			productReference = 143D592527BA30060049B654 /* Study_IOS_App.app */;
			productType = "com.apple.product-type.application";
		};
		143D593427BA30080049B654 /* Study_IOS_AppTests */ = {
			isa = PBXNativeTarget;
			buildConfigurationList = 143D594C27BA30080049B654 /* Build configuration list for PBXNativeTarget "Study_IOS_AppTests" */;
			buildPhases = (
				143D593127BA30080049B654 /* Sources */,
				143D593227BA30080049B654 /* Frameworks */,
				143D593327BA30080049B654 /* Resources */,
			);
			buildRules = (
			);
			dependencies = (
				143D593727BA30080049B654 /* PBXTargetDependency */,
			);
			name = Study_IOS_AppTests;
			productName = Study_IOS_AppTests;
			productReference = 143D593527BA30080049B654 /* Study_IOS_AppTests.xctest */;
			productType = "com.apple.product-type.bundle.unit-test";
		};
		143D593E27BA30080049B654 /* Study_IOS_AppUITests */ = {
			isa = PBXNativeTarget;
			buildConfigurationList = 143D594F27BA30080049B654 /* Build configuration list for PBXNativeTarget "Study_IOS_AppUITests" */;
			buildPhases = (
				143D593B27BA30080049B654 /* Sources */,
				143D593C27BA30080049B654 /* Frameworks */,
				143D593D27BA30080049B654 /* Resources */,
			);
			buildRules = (
			);
			dependencies = (
				143D594127BA30080049B654 /* PBXTargetDependency */,
			);
			name = Study_IOS_AppUITests;
			productName = Study_IOS_AppUITests;
			productReference = 143D593F27BA30080049B654 /* Study_IOS_AppUITests.xctest */;
			productType = "com.apple.product-type.bundle.ui-testing";
		};
/* End PBXNativeTarget section */

/* Begin PBXProject section */
		143D591D27BA30060049B654 /* Project object */ = {
			isa = PBXProject;
			attributes = {
				BuildIndependentTargetsInParallel = 1;
				LastSwiftUpdateCheck = 1320;
				LastUpgradeCheck = 1320;
				TargetAttributes = {
					143D592427BA30060049B654 = {
						CreatedOnToolsVersion = 13.2.1;
					};
					143D593427BA30080049B654 = {
						CreatedOnToolsVersion = 13.2.1;
						TestTargetID = 143D592427BA30060049B654;
					};
					143D593E27BA30080049B654 = {
						CreatedOnToolsVersion = 13.2.1;
						TestTargetID = 143D592427BA30060049B654;
					};
				};
			};
			buildConfigurationList = 143D592027BA30060049B654 /* Build configuration list for PBXProject "Study_IOS_App" */;
			compatibilityVersion = "Xcode 13.0";
			developmentRegion = en;
			hasScannedForEncodings = 0;
			knownRegions = (
				en,
				Base,
			);
			mainGroup = 143D591C27BA30060049B654;
			productRefGroup = 143D592627BA30060049B654 /* Products */;
			projectDirPath = "";
			projectRoot = "";
			targets = (
				143D592427BA30060049B654 /* Study_IOS_App */,
				143D593427BA30080049B654 /* Study_IOS_AppTests */,
				143D593E27BA30080049B654 /* Study_IOS_AppUITests */,
			);
		};
/* End PBXProject section */

/* Begin PBXResourcesBuildPhase section */
		143D592327BA30060049B654 /* Resources */ = {
			isa = PBXResourcesBuildPhase;
			buildActionMask = 2147483647;
			files = (
				1405CB1727BCBD5800D6AFFB /* hikeData.json in Resources */,
				143D593027BA30080049B654 /* Preview Assets.xcassets in Resources */,
				143D592D27BA30080049B654 /* Assets.xcassets in Resources */,
				143D596527BA41570049B654 /* landmarkData.json in Resources */,
			);
			runOnlyForDeploymentPostprocessing = 0;
		};
		143D593327BA30080049B654 /* Resources */ = {
			isa = PBXResourcesBuildPhase;
			buildActionMask = 2147483647;
			files = (
			);
			runOnlyForDeploymentPostprocessing = 0;
		};
		143D593D27BA30080049B654 /* Resources */ = {
			isa = PBXResourcesBuildPhase;
			buildActionMask = 2147483647;
			files = (
			);
			runOnlyForDeploymentPostprocessing = 0;
		};
/* End PBXResourcesBuildPhase section */

/* Begin PBXSourcesBuildPhase section */
		143D592127BA30060049B654 /* Sources */ = {
			isa = PBXSourcesBuildPhase;
			buildActionMask = 2147483647;
			files = (
				1405CB2927BCCE1500D6AFFB /* CategoryRow.swift in Sources */,
				EB08724127BDDECE005BA911 /* Profile.swift in Sources */,
				143D592B27BA30060049B654 /* ContentView.swift in Sources */,
				1405CB2727BCCA1100D6AFFB /* CategoryHome.swift in Sources */,
				EB08725727BE122A005BA911 /* FeatureCard.swift in Sources */,
				1405CB2227BCC00900D6AFFB /* HikeGraph.swift in Sources */,
				143D596327BA39E30049B654 /* MapView.swift in Sources */,
				143D592927BA30060049B654 /* Study_IOS_AppApp.swift in Sources */,
				1405CB2127BCC00900D6AFFB /* GraphCapsule.swift in Sources */,
				1496015227BB83310025BF44 /* FavoriteButton.swift in Sources */,
				EB08725B27BE1F59005BA911 /* PageControl.swift in Sources */,
				1405CB0B27BC9B3100D6AFFB /* HexagonParameters.swift in Sources */,
				1405CB2B27BCCFBE00D6AFFB /* CategoryItem.swift in Sources */,
				1405CB2327BCC00900D6AFFB /* HikeDetail.swift in Sources */,
				EB08724627BDE159005BA911 /* ProfileSummary.swift in Sources */,
				1405CB1327BCB8DF00D6AFFB /* Badge.swift in Sources */,
				1405CB1927BCBDBE00D6AFFB /* Hike.swift in Sources */,
				EB08724327BDDFFD005BA911 /* ProfileHost.swift in Sources */,
				1405CB1127BCB7F500D6AFFB /* RotatedBadgeSymbol.swift in Sources */,
				EB08725927BE1460005BA911 /* PageView.swift in Sources */,
				1405CB0F27BCB63B00D6AFFB /* BadgeSymbol.swift in Sources */,
				EB08724A27BDEDB6005BA911 /* ProfileEditor.swift in Sources */,
				144D365027BB5043000F322B /* LandmarkDetail.swift in Sources */,
				1405CB2427BCC00900D6AFFB /* HikeView.swift in Sources */,
				144D365427BB73EA000F322B /* LandmarkList.swift in Sources */,
				EB08724F27BE10AF005BA911 /* PageViewController.swift in Sources */,
				143D595D27BA37610049B654 /* CircleImage.swift in Sources */,
				EB08724827BDE30B005BA911 /* HikeBadge.swift in Sources */,
				143D596727BA418A0049B654 /* Landmark.swift in Sources */,
				144D364C27BB49DA000F322B /* LandmarkRow.swift in Sources */,
				143D596927BA44B10049B654 /* ModelData.swift in Sources */,
				1405CB0D27BC9D4F00D6AFFB /* BadgeBackground.swift in Sources */,
			);
			runOnlyForDeploymentPostprocessing = 0;
		};
		143D593127BA30080049B654 /* Sources */ = {
			isa = PBXSourcesBuildPhase;
			buildActionMask = 2147483647;
			files = (
				143D593A27BA30080049B654 /* Study_IOS_AppTests.swift in Sources */,
			);
			runOnlyForDeploymentPostprocessing = 0;
		};
		143D593B27BA30080049B654 /* Sources */ = {
			isa = PBXSourcesBuildPhase;
			buildActionMask = 2147483647;
			files = (
				143D594627BA30080049B654 /* Study_IOS_AppUITestsLaunchTests.swift in Sources */,
				143D594427BA30080049B654 /* Study_IOS_AppUITests.swift in Sources */,
			);
			runOnlyForDeploymentPostprocessing = 0;
		};
/* End PBXSourcesBuildPhase section */

/* Begin PBXTargetDependency section */
		143D593727BA30080049B654 /* PBXTargetDependency */ = {
			isa = PBXTargetDependency;
			target = 143D592427BA30060049B654 /* Study_IOS_App */;
			targetProxy = 143D593627BA30080049B654 /* PBXContainerItemProxy */;
		};
		143D594127BA30080049B654 /* PBXTargetDependency */ = {
			isa = PBXTargetDependency;
			target = 143D592427BA30060049B654 /* Study_IOS_App */;
			targetProxy = 143D594027BA30080049B654 /* PBXContainerItemProxy */;
		};
/* End PBXTargetDependency section */

/* Begin XCBuildConfiguration section */
		143D594727BA30080049B654 /* Debug */ = {
			isa = XCBuildConfiguration;
			buildSettings = {
				ALWAYS_SEARCH_USER_PATHS = NO;
				CLANG_ANALYZER_NONNULL = YES;
				CLANG_ANALYZER_NUMBER_OBJECT_CONVERSION = YES_AGGRESSIVE;
				CLANG_CXX_LANGUAGE_STANDARD = "gnu++17";
				CLANG_CXX_LIBRARY = "libc++";
				CLANG_ENABLE_MODULES = YES;
				CLANG_ENABLE_OBJC_ARC = YES;
				CLANG_ENABLE_OBJC_WEAK = YES;
				CLANG_WARN_BLOCK_CAPTURE_AUTORELEASING = YES;
				CLANG_WARN_BOOL_CONVERSION = YES;
				CLANG_WARN_COMMA = YES;
				CLANG_WARN_CONSTANT_CONVERSION = YES;
				CLANG_WARN_DEPRECATED_OBJC_IMPLEMENTATIONS = YES;
				CLANG_WARN_DIRECT_OBJC_ISA_USAGE = YES_ERROR;
				CLANG_WARN_DOCUMENTATION_COMMENTS = YES;
				CLANG_WARN_EMPTY_BODY = YES;
				CLANG_WARN_ENUM_CONVERSION = YES;
				CLANG_WARN_INFINITE_RECURSION = YES;
				CLANG_WARN_INT_CONVERSION = YES;
				CLANG_WARN_NON_LITERAL_NULL_CONVERSION = YES;
				CLANG_WARN_OBJC_IMPLICIT_RETAIN_SELF = YES;
				CLANG_WARN_OBJC_LITERAL_CONVERSION = YES;
				CLANG_WARN_OBJC_ROOT_CLASS = YES_ERROR;
				CLANG_WARN_QUOTED_INCLUDE_IN_FRAMEWORK_HEADER = YES;
				CLANG_WARN_RANGE_LOOP_ANALYSIS = YES;
				CLANG_WARN_STRICT_PROTOTYPES = YES;
				CLANG_WARN_SUSPICIOUS_MOVE = YES;
				CLANG_WARN_UNGUARDED_AVAILABILITY = YES_AGGRESSIVE;
				CLANG_WARN_UNREACHABLE_CODE = YES;
				CLANG_WARN__DUPLICATE_METHOD_MATCH = YES;
				COPY_PHASE_STRIP = NO;
				DEBUG_INFORMATION_FORMAT = dwarf;
				ENABLE_STRICT_OBJC_MSGSEND = YES;
				ENABLE_TESTABILITY = YES;
				GCC_C_LANGUAGE_STANDARD = gnu11;
				GCC_DYNAMIC_NO_PIC = NO;
				GCC_NO_COMMON_BLOCKS = YES;
				GCC_OPTIMIZATION_LEVEL = 0;
				GCC_PREPROCESSOR_DEFINITIONS = (
					"DEBUG=1",
					"$(inherited)",
				);
				GCC_WARN_64_TO_32_BIT_CONVERSION = YES;
				GCC_WARN_ABOUT_RETURN_TYPE = YES_ERROR;
				GCC_WARN_UNDECLARED_SELECTOR = YES;
				GCC_WARN_UNINITIALIZED_AUTOS = YES_AGGRESSIVE;
				GCC_WARN_UNUSED_FUNCTION = YES;
				GCC_WARN_UNUSED_VARIABLE = YES;
				IPHONEOS_DEPLOYMENT_TARGET = 15.2;
				MTL_ENABLE_DEBUG_INFO = INCLUDE_SOURCE;
				MTL_FAST_MATH = YES;
				ONLY_ACTIVE_ARCH = YES;
				SDKROOT = iphoneos;
				SWIFT_ACTIVE_COMPILATION_CONDITIONS = DEBUG;
				SWIFT_OPTIMIZATION_LEVEL = "-Onone";
			};
			name = Debug;
		};
		143D594827BA30080049B654 /* Release */ = {
			isa = XCBuildConfiguration;
			buildSettings = {
				ALWAYS_SEARCH_USER_PATHS = NO;
				CLANG_ANALYZER_NONNULL = YES;
				CLANG_ANALYZER_NUMBER_OBJECT_CONVERSION = YES_AGGRESSIVE;
				CLANG_CXX_LANGUAGE_STANDARD = "gnu++17";
				CLANG_CXX_LIBRARY = "libc++";
				CLANG_ENABLE_MODULES = YES;
				CLANG_ENABLE_OBJC_ARC = YES;
				CLANG_ENABLE_OBJC_WEAK = YES;
				CLANG_WARN_BLOCK_CAPTURE_AUTORELEASING = YES;
				CLANG_WARN_BOOL_CONVERSION = YES;
				CLANG_WARN_COMMA = YES;
				CLANG_WARN_CONSTANT_CONVERSION = YES;
				CLANG_WARN_DEPRECATED_OBJC_IMPLEMENTATIONS = YES;
				CLANG_WARN_DIRECT_OBJC_ISA_USAGE = YES_ERROR;
				CLANG_WARN_DOCUMENTATION_COMMENTS = YES;
				CLANG_WARN_EMPTY_BODY = YES;
				CLANG_WARN_ENUM_CONVERSION = YES;
				CLANG_WARN_INFINITE_RECURSION = YES;
				CLANG_WARN_INT_CONVERSION = YES;
				CLANG_WARN_NON_LITERAL_NULL_CONVERSION = YES;
				CLANG_WARN_OBJC_IMPLICIT_RETAIN_SELF = YES;
				CLANG_WARN_OBJC_LITERAL_CONVERSION = YES;
				CLANG_WARN_OBJC_ROOT_CLASS = YES_ERROR;
				CLANG_WARN_QUOTED_INCLUDE_IN_FRAMEWORK_HEADER = YES;
				CLANG_WARN_RANGE_LOOP_ANALYSIS = YES;
				CLANG_WARN_STRICT_PROTOTYPES = YES;
				CLANG_WARN_SUSPICIOUS_MOVE = YES;
				CLANG_WARN_UNGUARDED_AVAILABILITY = YES_AGGRESSIVE;
				CLANG_WARN_UNREACHABLE_CODE = YES;
				CLANG_WARN__DUPLICATE_METHOD_MATCH = YES;
				COPY_PHASE_STRIP = NO;
				DEBUG_INFORMATION_FORMAT = "dwarf-with-dsym";
				ENABLE_NS_ASSERTIONS = NO;
				ENABLE_STRICT_OBJC_MSGSEND = YES;
				GCC_C_LANGUAGE_STANDARD = gnu11;
				GCC_NO_COMMON_BLOCKS = YES;
				GCC_WARN_64_TO_32_BIT_CONVERSION = YES;
				GCC_WARN_ABOUT_RETURN_TYPE = YES_ERROR;
				GCC_WARN_UNDECLARED_SELECTOR = YES;
				GCC_WARN_UNINITIALIZED_AUTOS = YES_AGGRESSIVE;
				GCC_WARN_UNUSED_FUNCTION = YES;
				GCC_WARN_UNUSED_VARIABLE = YES;
				IPHONEOS_DEPLOYMENT_TARGET = 15.2;
				MTL_ENABLE_DEBUG_INFO = NO;
				MTL_FAST_MATH = YES;
				SDKROOT = iphoneos;
				SWIFT_COMPILATION_MODE = wholemodule;
				SWIFT_OPTIMIZATION_LEVEL = "-O";
				VALIDATE_PRODUCT = YES;
			};
			name = Release;
		};
		143D594A27BA30080049B654 /* Debug */ = {
			isa = XCBuildConfiguration;
			buildSettings = {
				ASSETCATALOG_COMPILER_APPICON_NAME = AppIcon;
				ASSETCATALOG_COMPILER_GLOBAL_ACCENT_COLOR_NAME = AccentColor;
				CODE_SIGN_STYLE = Automatic;
				CURRENT_PROJECT_VERSION = 1;
				DEVELOPMENT_ASSET_PATHS = "\"Study_IOS_App/Preview Content\"";
				DEVELOPMENT_TEAM = TAJ2CLT6RR;
				ENABLE_PREVIEWS = YES;
				GENERATE_INFOPLIST_FILE = YES;
				INFOPLIST_KEY_UIApplicationSceneManifest_Generation = YES;
				INFOPLIST_KEY_UIApplicationSupportsIndirectInputEvents = YES;
				INFOPLIST_KEY_UILaunchScreen_Generation = YES;
				INFOPLIST_KEY_UISupportedInterfaceOrientations_iPad = "UIInterfaceOrientationPortrait UIInterfaceOrientationPortraitUpsideDown UIInterfaceOrientationLandscapeLeft UIInterfaceOrientationLandscapeRight";
				INFOPLIST_KEY_UISupportedInterfaceOrientations_iPhone = "UIInterfaceOrientationPortrait UIInterfaceOrientationLandscapeLeft UIInterfaceOrientationLandscapeRight";
				LD_RUNPATH_SEARCH_PATHS = (
					"$(inherited)",
					"@executable_path/Frameworks",
				);
				MARKETING_VERSION = 1.0;
				PRODUCT_BUNDLE_IDENTIFIER = "kr.juyeollee.Study-IOS-App";
				PRODUCT_NAME = "$(TARGET_NAME)";
				SWIFT_EMIT_LOC_STRINGS = YES;
				SWIFT_VERSION = 5.0;
				TARGETED_DEVICE_FAMILY = "1,2";
			};
			name = Debug;
		};
		143D594B27BA30080049B654 /* Release */ = {
			isa = XCBuildConfiguration;
			buildSettings = {
				ASSETCATALOG_COMPILER_APPICON_NAME = AppIcon;
				ASSETCATALOG_COMPILER_GLOBAL_ACCENT_COLOR_NAME = AccentColor;
				CODE_SIGN_STYLE = Automatic;
				CURRENT_PROJECT_VERSION = 1;
				DEVELOPMENT_ASSET_PATHS = "\"Study_IOS_App/Preview Content\"";
				DEVELOPMENT_TEAM = TAJ2CLT6RR;
				ENABLE_PREVIEWS = YES;
				GENERATE_INFOPLIST_FILE = YES;
				INFOPLIST_KEY_UIApplicationSceneManifest_Generation = YES;
				INFOPLIST_KEY_UIApplicationSupportsIndirectInputEvents = YES;
				INFOPLIST_KEY_UILaunchScreen_Generation = YES;
				INFOPLIST_KEY_UISupportedInterfaceOrientations_iPad = "UIInterfaceOrientationPortrait UIInterfaceOrientationPortraitUpsideDown UIInterfaceOrientationLandscapeLeft UIInterfaceOrientationLandscapeRight";
				INFOPLIST_KEY_UISupportedInterfaceOrientations_iPhone = "UIInterfaceOrientationPortrait UIInterfaceOrientationLandscapeLeft UIInterfaceOrientationLandscapeRight";
				LD_RUNPATH_SEARCH_PATHS = (
					"$(inherited)",
					"@executable_path/Frameworks",
				);
				MARKETING_VERSION = 1.0;
				PRODUCT_BUNDLE_IDENTIFIER = "kr.juyeollee.Study-IOS-App";
				PRODUCT_NAME = "$(TARGET_NAME)";
				SWIFT_EMIT_LOC_STRINGS = YES;
				SWIFT_VERSION = 5.0;
				TARGETED_DEVICE_FAMILY = "1,2";
			};
			name = Release;
		};
		143D594D27BA30080049B654 /* Debug */ = {
			isa = XCBuildConfiguration;
			buildSettings = {
				ALWAYS_EMBED_SWIFT_STANDARD_LIBRARIES = YES;
				BUNDLE_LOADER = "$(TEST_HOST)";
				CODE_SIGN_STYLE = Automatic;
				CURRENT_PROJECT_VERSION = 1;
				DEVELOPMENT_TEAM = TAJ2CLT6RR;
				GENERATE_INFOPLIST_FILE = YES;
				IPHONEOS_DEPLOYMENT_TARGET = 15.2;
				MARKETING_VERSION = 1.0;
				PRODUCT_BUNDLE_IDENTIFIER = "kr.juyeollee.Study-IOS-AppTests";
				PRODUCT_NAME = "$(TARGET_NAME)";
				SWIFT_EMIT_LOC_STRINGS = NO;
				SWIFT_VERSION = 5.0;
				TARGETED_DEVICE_FAMILY = "1,2";
				TEST_HOST = "$(BUILT_PRODUCTS_DIR)/Study_IOS_App.app/Study_IOS_App";
			};
			name = Debug;
		};
		143D594E27BA30080049B654 /* Release */ = {
			isa = XCBuildConfiguration;
			buildSettings = {
				ALWAYS_EMBED_SWIFT_STANDARD_LIBRARIES = YES;
				BUNDLE_LOADER = "$(TEST_HOST)";
				CODE_SIGN_STYLE = Automatic;
				CURRENT_PROJECT_VERSION = 1;
				DEVELOPMENT_TEAM = TAJ2CLT6RR;
				GENERATE_INFOPLIST_FILE = YES;
				IPHONEOS_DEPLOYMENT_TARGET = 15.2;
				MARKETING_VERSION = 1.0;
				PRODUCT_BUNDLE_IDENTIFIER = "kr.juyeollee.Study-IOS-AppTests";
				PRODUCT_NAME = "$(TARGET_NAME)";
				SWIFT_EMIT_LOC_STRINGS = NO;
				SWIFT_VERSION = 5.0;
				TARGETED_DEVICE_FAMILY = "1,2";
				TEST_HOST = "$(BUILT_PRODUCTS_DIR)/Study_IOS_App.app/Study_IOS_App";
			};
			name = Release;
		};
		143D595027BA30080049B654 /* Debug */ = {
			isa = XCBuildConfiguration;
			buildSettings = {
				ALWAYS_EMBED_SWIFT_STANDARD_LIBRARIES = YES;
				CODE_SIGN_STYLE = Automatic;
				CURRENT_PROJECT_VERSION = 1;
				DEVELOPMENT_TEAM = TAJ2CLT6RR;
				GENERATE_INFOPLIST_FILE = YES;
				MARKETING_VERSION = 1.0;
				PRODUCT_BUNDLE_IDENTIFIER = "kr.juyeollee.Study-IOS-AppUITests";
				PRODUCT_NAME = "$(TARGET_NAME)";
				SWIFT_EMIT_LOC_STRINGS = NO;
				SWIFT_VERSION = 5.0;
				TARGETED_DEVICE_FAMILY = "1,2";
				TEST_TARGET_NAME = Study_IOS_App;
			};
			name = Debug;
		};
		143D595127BA30080049B654 /* Release */ = {
			isa = XCBuildConfiguration;
			buildSettings = {
				ALWAYS_EMBED_SWIFT_STANDARD_LIBRARIES = YES;
				CODE_SIGN_STYLE = Automatic;
				CURRENT_PROJECT_VERSION = 1;
				DEVELOPMENT_TEAM = TAJ2CLT6RR;
				GENERATE_INFOPLIST_FILE = YES;
				MARKETING_VERSION = 1.0;
				PRODUCT_BUNDLE_IDENTIFIER = "kr.juyeollee.Study-IOS-AppUITests";
				PRODUCT_NAME = "$(TARGET_NAME)";
				SWIFT_EMIT_LOC_STRINGS = NO;
				SWIFT_VERSION = 5.0;
				TARGETED_DEVICE_FAMILY = "1,2";
				TEST_TARGET_NAME = Study_IOS_App;
			};
			name = Release;
		};
/* End XCBuildConfiguration section */

/* Begin XCConfigurationList section */
		143D592027BA30060049B654 /* Build configuration list for PBXProject "Study_IOS_App" */ = {
			isa = XCConfigurationList;
			buildConfigurations = (
				143D594727BA30080049B654 /* Debug */,
				143D594827BA30080049B654 /* Release */,
			);
			defaultConfigurationIsVisible = 0;
			defaultConfigurationName = Release;
		};
		143D594927BA30080049B654 /* Build configuration list for PBXNativeTarget "Study_IOS_App" */ = {
			isa = XCConfigurationList;
			buildConfigurations = (
				143D594A27BA30080049B654 /* Debug */,
				143D594B27BA30080049B654 /* Release */,
			);
			defaultConfigurationIsVisible = 0;
			defaultConfigurationName = Release;
		};
		143D594C27BA30080049B654 /* Build configuration list for PBXNativeTarget "Study_IOS_AppTests" */ = {
			isa = XCConfigurationList;
			buildConfigurations = (
				143D594D27BA30080049B654 /* Debug */,
				143D594E27BA30080049B654 /* Release */,
			);
			defaultConfigurationIsVisible = 0;
			defaultConfigurationName = Release;
		};
		143D594F27BA30080049B654 /* Build configuration list for PBXNativeTarget "Study_IOS_AppUITests" */ = {
			isa = XCConfigurationList;
			buildConfigurations = (
				143D595027BA30080049B654 /* Debug */,
				143D595127BA30080049B654 /* Release */,
			);
			defaultConfigurationIsVisible = 0;
			defaultConfigurationName = Release;
		};
/* End XCConfigurationList section */
	};
	rootObject = 143D591D27BA30060049B654 /* Project object */;
}
